// !$*UTF8*$!
{
	archiveVersion = 1;
	classes = {
	};
	objectVersion = 54;
	objects = {

/* Begin PBXBuildFile section */
		1EF14CC27CCFF31979FA0701 /* Pods_igg.framework in Frameworks */ = {isa = PBXBuildFile; fileRef = E01C2C843487187E515E2F9F /* Pods_igg.framework */; };
		72D75B7A2766466D00D68C2F /* AppDelegate.swift in Sources */ = {isa = PBXBuildFile; fileRef = 72D75B792766466D00D68C2F /* AppDelegate.swift */; };
		72D75B7C2766466D00D68C2F /* SceneDelegate.swift in Sources */ = {isa = PBXBuildFile; fileRef = 72D75B7B2766466D00D68C2F /* SceneDelegate.swift */; };
		72D75B7E2766466D00D68C2F /* FeedViewController.swift in Sources */ = {isa = PBXBuildFile; fileRef = 72D75B7D2766466D00D68C2F /* FeedViewController.swift */; };
		72D75B832766466E00D68C2F /* Assets.xcassets in Resources */ = {isa = PBXBuildFile; fileRef = 72D75B822766466E00D68C2F /* Assets.xcassets */; };
		72D75B862766466E00D68C2F /* LaunchScreen.storyboard in Resources */ = {isa = PBXBuildFile; fileRef = 72D75B842766466E00D68C2F /* LaunchScreen.storyboard */; };
		72D75B90276648D400D68C2F /* TabBarController.swift in Sources */ = {isa = PBXBuildFile; fileRef = 72D75B8F276648D400D68C2F /* TabBarController.swift */; };
		72D75B9327664DE600D68C2F /* FeedTableViewCell.swift in Sources */ = {isa = PBXBuildFile; fileRef = 72D75B9227664DE600D68C2F /* FeedTableViewCell.swift */; };
		72D75B95276655B200D68C2F /* UIButton+.swift in Sources */ = {isa = PBXBuildFile; fileRef = 72D75B94276655B200D68C2F /* UIButton+.swift */; };
/* End PBXBuildFile section */

/* Begin PBXFileReference section */
		72D75B762766466D00D68C2F /* igg.app */ = {isa = PBXFileReference; explicitFileType = wrapper.application; includeInIndex = 0; path = igg.app; sourceTree = BUILT_PRODUCTS_DIR; };
		72D75B792766466D00D68C2F /* AppDelegate.swift */ = {isa = PBXFileReference; lastKnownFileType = sourcecode.swift; path = AppDelegate.swift; sourceTree = "<group>"; };
		72D75B7B2766466D00D68C2F /* SceneDelegate.swift */ = {isa = PBXFileReference; lastKnownFileType = sourcecode.swift; path = SceneDelegate.swift; sourceTree = "<group>"; };
		72D75B7D2766466D00D68C2F /* FeedViewController.swift */ = {isa = PBXFileReference; lastKnownFileType = sourcecode.swift; path = FeedViewController.swift; sourceTree = "<group>"; };
		72D75B822766466E00D68C2F /* Assets.xcassets */ = {isa = PBXFileReference; lastKnownFileType = folder.assetcatalog; path = Assets.xcassets; sourceTree = "<group>"; };
		72D75B852766466E00D68C2F /* Base */ = {isa = PBXFileReference; lastKnownFileType = file.storyboard; name = Base; path = Base.lproj/LaunchScreen.storyboard; sourceTree = "<group>"; };
		72D75B872766466E00D68C2F /* Info.plist */ = {isa = PBXFileReference; lastKnownFileType = text.plist.xml; path = Info.plist; sourceTree = "<group>"; };
		72D75B8F276648D400D68C2F /* TabBarController.swift */ = {isa = PBXFileReference; lastKnownFileType = sourcecode.swift; path = TabBarController.swift; sourceTree = "<group>"; };
		72D75B9227664DE600D68C2F /* FeedTableViewCell.swift */ = {isa = PBXFileReference; lastKnownFileType = sourcecode.swift; path = FeedTableViewCell.swift; sourceTree = "<group>"; };
		72D75B94276655B200D68C2F /* UIButton+.swift */ = {isa = PBXFileReference; lastKnownFileType = sourcecode.swift; path = "UIButton+.swift"; sourceTree = "<group>"; };
		897B526B3DA212FB922C540C /* Pods-igg.release.xcconfig */ = {isa = PBXFileReference; includeInIndex = 1; lastKnownFileType = text.xcconfig; name = "Pods-igg.release.xcconfig"; path = "Target Support Files/Pods-igg/Pods-igg.release.xcconfig"; sourceTree = "<group>"; };
		DD541A62315744AD6F82366B /* Pods-igg.debug.xcconfig */ = {isa = PBXFileReference; includeInIndex = 1; lastKnownFileType = text.xcconfig; name = "Pods-igg.debug.xcconfig"; path = "Target Support Files/Pods-igg/Pods-igg.debug.xcconfig"; sourceTree = "<group>"; };
		E01C2C843487187E515E2F9F /* Pods_igg.framework */ = {isa = PBXFileReference; explicitFileType = wrapper.framework; includeInIndex = 0; path = Pods_igg.framework; sourceTree = BUILT_PRODUCTS_DIR; };
/* End PBXFileReference section */

/* Begin PBXFrameworksBuildPhase section */
		72D75B732766466D00D68C2F /* Frameworks */ = {
			isa = PBXFrameworksBuildPhase;
			buildActionMask = 2147483647;
			files = (
				1EF14CC27CCFF31979FA0701 /* Pods_igg.framework in Frameworks */,
			);
			runOnlyForDeploymentPostprocessing = 0;
		};
/* End PBXFrameworksBuildPhase section */

/* Begin PBXGroup section */
		1DB665C5C17AAED7F65F13BD /* Frameworks */ = {
			isa = PBXGroup;
			children = (
				E01C2C843487187E515E2F9F /* Pods_igg.framework */,
			);
			name = Frameworks;
			sourceTree = "<group>";
		};
		72D75B6D2766466D00D68C2F = {
			isa = PBXGroup;
			children = (
				72D75B782766466D00D68C2F /* igg */,
				72D75B772766466D00D68C2F /* Products */,
				F36608E0214AED18FF1CE398 /* Pods */,
				1DB665C5C17AAED7F65F13BD /* Frameworks */,
			);
			sourceTree = "<group>";
		};
		72D75B772766466D00D68C2F /* Products */ = {
			isa = PBXGroup;
			children = (
				72D75B762766466D00D68C2F /* igg.app */,
			);
			name = Products;
			sourceTree = "<group>";
		};
		72D75B782766466D00D68C2F /* igg */ = {
			isa = PBXGroup;
			children = (
				72D75B792766466D00D68C2F /* AppDelegate.swift */,
				72D75B7B2766466D00D68C2F /* SceneDelegate.swift */,
				72D75B94276655B200D68C2F /* UIButton+.swift */,
				72D75B91276648F500D68C2F /* Scene */,
				72D75B822766466E00D68C2F /* Assets.xcassets */,
				72D75B842766466E00D68C2F /* LaunchScreen.storyboard */,
				72D75B872766466E00D68C2F /* Info.plist */,
			);
			path = igg;
			sourceTree = "<group>";
		};
		72D75B91276648F500D68C2F /* Scene */ = {
			isa = PBXGroup;
			children = (
				72D75B7D2766466D00D68C2F /* FeedViewController.swift */,
				72D75B9227664DE600D68C2F /* FeedTableViewCell.swift */,
				72D75B8F276648D400D68C2F /* TabBarController.swift */,
			);
			path = Scene;
			sourceTree = "<group>";
		};
		F36608E0214AED18FF1CE398 /* Pods */ = {
			isa = PBXGroup;
			children = (
				DD541A62315744AD6F82366B /* Pods-igg.debug.xcconfig */,
				897B526B3DA212FB922C540C /* Pods-igg.release.xcconfig */,
			);
			path = Pods;
			sourceTree = "<group>";
		};
/* End PBXGroup section */

/* Begin PBXNativeTarget section */
		72D75B752766466D00D68C2F /* igg */ = {
			isa = PBXNativeTarget;
			buildConfigurationList = 72D75B8A2766466E00D68C2F /* Build configuration list for PBXNativeTarget "igg" */;
			buildPhases = (
				8DAF0564ED12ECD09A696B72 /* [CP] Check Pods Manifest.lock */,
				72D75B722766466D00D68C2F /* Sources */,
				72D75B732766466D00D68C2F /* Frameworks */,
				72D75B742766466D00D68C2F /* Resources */,
				87020C98652594620D1DAF53 /* [CP] Embed Pods Frameworks */,
			);
			buildRules = (
			);
			dependencies = (
			);
			name = igg;
			productName = igg;
			productReference = 72D75B762766466D00D68C2F /* igg.app */;
			productType = "com.apple.product-type.application";
		};
/* End PBXNativeTarget section */

/* Begin PBXProject section */
		72D75B6E2766466D00D68C2F /* Project object */ = {
			isa = PBXProject;
			attributes = {
				BuildIndependentTargetsInParallel = 1;
				LastSwiftUpdateCheck = 1300;
				LastUpgradeCheck = 1300;
				TargetAttributes = {
					72D75B752766466D00D68C2F = {
						CreatedOnToolsVersion = 13.0;
					};
				};
			};
			buildConfigurationList = 72D75B712766466D00D68C2F /* Build configuration list for PBXProject "igg" */;
			compatibilityVersion = "Xcode 12.0";
			developmentRegion = en;
			hasScannedForEncodings = 0;
			knownRegions = (
				en,
				Base,
			);
			mainGroup = 72D75B6D2766466D00D68C2F;
			productRefGroup = 72D75B772766466D00D68C2F /* Products */;
			projectDirPath = "";
			projectRoot = "";
			targets = (
				72D75B752766466D00D68C2F /* igg */,
			);
		};
/* End PBXProject section */

/* Begin PBXResourcesBuildPhase section */
		72D75B742766466D00D68C2F /* Resources */ = {
			isa = PBXResourcesBuildPhase;
			buildActionMask = 2147483647;
			files = (
				72D75B862766466E00D68C2F /* LaunchScreen.storyboard in Resources */,
				72D75B832766466E00D68C2F /* Assets.xcassets in Resources */,
			);
			runOnlyForDeploymentPostprocessing = 0;
		};
/* End PBXResourcesBuildPhase section */

/* Begin PBXShellScriptBuildPhase section */
		87020C98652594620D1DAF53 /* [CP] Embed Pods Frameworks */ = {
			isa = PBXShellScriptBuildPhase;
			buildActionMask = 2147483647;
			files = (
			);
			inputFileListPaths = (
				"${PODS_ROOT}/Target Support Files/Pods-igg/Pods-igg-frameworks-${CONFIGURATION}-input-files.xcfilelist",
			);
			name = "[CP] Embed Pods Frameworks";
			outputFileListPaths = (
				"${PODS_ROOT}/Target Support Files/Pods-igg/Pods-igg-frameworks-${CONFIGURATION}-output-files.xcfilelist",
			);
			runOnlyForDeploymentPostprocessing = 0;
			shellPath = /bin/sh;
			shellScript = "\"${PODS_ROOT}/Target Support Files/Pods-igg/Pods-igg-frameworks.sh\"\n";
			showEnvVarsInLog = 0;
		};
		8DAF0564ED12ECD09A696B72 /* [CP] Check Pods Manifest.lock */ = {
			isa = PBXShellScriptBuildPhase;
			buildActionMask = 2147483647;
			files = (
			);
			inputFileListPaths = (
			);
			inputPaths = (
				"${PODS_PODFILE_DIR_PATH}/Podfile.lock",
				"${PODS_ROOT}/Manifest.lock",
			);
			name = "[CP] Check Pods Manifest.lock";
			outputFileListPaths = (
			);
			outputPaths = (
				"$(DERIVED_FILE_DIR)/Pods-igg-checkManifestLockResult.txt",
			);
			runOnlyForDeploymentPostprocessing = 0;
			shellPath = /bin/sh;
			shellScript = "diff \"${PODS_PODFILE_DIR_PATH}/Podfile.lock\" \"${PODS_ROOT}/Manifest.lock\" > /dev/null\nif [ $? != 0 ] ; then\n    # print error to STDERR\n    echo \"error: The sandbox is not in sync with the Podfile.lock. Run 'pod install' or update your CocoaPods installation.\" >&2\n    exit 1\nfi\n# This output is used by Xcode 'outputs' to avoid re-running this script phase.\necho \"SUCCESS\" > \"${SCRIPT_OUTPUT_FILE_0}\"\n";
			showEnvVarsInLog = 0;
		};
/* End PBXShellScriptBuildPhase section */

/* Begin PBXSourcesBuildPhase section */
		72D75B722766466D00D68C2F /* Sources */ = {
			isa = PBXSourcesBuildPhase;
			buildActionMask = 2147483647;
			files = (
				72D75B7E2766466D00D68C2F /* FeedViewController.swift in Sources */,
				72D75B95276655B200D68C2F /* UIButton+.swift in Sources */,
				72D75B7A2766466D00D68C2F /* AppDelegate.swift in Sources */,
				72D75B90276648D400D68C2F /* TabBarController.swift in Sources */,
				72D75B7C2766466D00D68C2F /* SceneDelegate.swift in Sources */,
				72D75B9327664DE600D68C2F /* FeedTableViewCell.swift in Sources */,
			);
			runOnlyForDeploymentPostprocessing = 0;
		};
/* End PBXSourcesBuildPhase section */

/* Begin PBXVariantGroup section */
		72D75B842766466E00D68C2F /* LaunchScreen.storyboard */ = {
			isa = PBXVariantGroup;
			children = (
				72D75B852766466E00D68C2F /* Base */,
			);
			name = LaunchScreen.storyboard;
			sourceTree = "<group>";
		};
/* End PBXVariantGroup section */

/* Begin XCBuildConfiguration section */
		72D75B882766466E00D68C2F /* Debug */ = {
			isa = XCBuildConfiguration;
			buildSettings = {
				ALWAYS_SEARCH_USER_PATHS = NO;
				CLANG_ANALYZER_NONNULL = YES;
				CLANG_ANALYZER_NUMBER_OBJECT_CONVERSION = YES_AGGRESSIVE;
				CLANG_CXX_LANGUAGE_STANDARD = "gnu++17";
				CLANG_CXX_LIBRARY = "libc++";
				CLANG_ENABLE_MODULES = YES;
				CLANG_ENABLE_OBJC_ARC = YES;
				CLANG_ENABLE_OBJC_WEAK = YES;
				CLANG_WARN_BLOCK_CAPTURE_AUTORELEASING = YES;
				CLANG_WARN_BOOL_CONVERSION = YES;
				CLANG_WARN_COMMA = YES;
				CLANG_WARN_CONSTANT_CONVERSION = YES;
				CLANG_WARN_DEPRECATED_OBJC_IMPLEMENTATIONS = YES;
				CLANG_WARN_DIRECT_OBJC_ISA_USAGE = YES_ERROR;
				CLANG_WARN_DOCUMENTATION_COMMENTS = YES;
				CLANG_WARN_EMPTY_BODY = YES;
				CLANG_WARN_ENUM_CONVERSION = YES;
				CLANG_WARN_INFINITE_RECURSION = YES;
				CLANG_WARN_INT_CONVERSION = YES;
				CLANG_WARN_NON_LITERAL_NULL_CONVERSION = YES;
				CLANG_WARN_OBJC_IMPLICIT_RETAIN_SELF = YES;
				CLANG_WARN_OBJC_LITERAL_CONVERSION = YES;
				CLANG_WARN_OBJC_ROOT_CLASS = YES_ERROR;
				CLANG_WARN_QUOTED_INCLUDE_IN_FRAMEWORK_HEADER = YES;
				CLANG_WARN_RANGE_LOOP_ANALYSIS = YES;
				CLANG_WARN_STRICT_PROTOTYPES = YES;
				CLANG_WARN_SUSPICIOUS_MOVE = YES;
				CLANG_WARN_UNGUARDED_AVAILABILITY = YES_AGGRESSIVE;
				CLANG_WARN_UNREACHABLE_CODE = YES;
				CLANG_WARN__DUPLICATE_METHOD_MATCH = YES;
				COPY_PHASE_STRIP = NO;
				DEBUG_INFORMATION_FORMAT = dwarf;
				ENABLE_STRICT_OBJC_MSGSEND = YES;
				ENABLE_TESTABILITY = YES;
				GCC_C_LANGUAGE_STANDARD = gnu11;
				GCC_DYNAMIC_NO_PIC = NO;
				GCC_NO_COMMON_BLOCKS = YES;
				GCC_OPTIMIZATION_LEVEL = 0;
				GCC_PREPROCESSOR_DEFINITIONS = (
					"DEBUG=1",
					"$(inherited)",
				);
				GCC_WARN_64_TO_32_BIT_CONVERSION = YES;
				GCC_WARN_ABOUT_RETURN_TYPE = YES_ERROR;
				GCC_WARN_UNDECLARED_SELECTOR = YES;
				GCC_WARN_UNINITIALIZED_AUTOS = YES_AGGRESSIVE;
				GCC_WARN_UNUSED_FUNCTION = YES;
				GCC_WARN_UNUSED_VARIABLE = YES;
				IPHONEOS_DEPLOYMENT_TARGET = 15.0;
				MTL_ENABLE_DEBUG_INFO = INCLUDE_SOURCE;
				MTL_FAST_MATH = YES;
				ONLY_ACTIVE_ARCH = YES;
				SDKROOT = iphoneos;
				SWIFT_ACTIVE_COMPILATION_CONDITIONS = DEBUG;
				SWIFT_OPTIMIZATION_LEVEL = "-Onone";
			};
			name = Debug;
		};
		72D75B892766466E00D68C2F /* Release */ = {
			isa = XCBuildConfiguration;
			buildSettings = {
				ALWAYS_SEARCH_USER_PATHS = NO;
				CLANG_ANALYZER_NONNULL = YES;
				CLANG_ANALYZER_NUMBER_OBJECT_CONVERSION = YES_AGGRESSIVE;
				CLANG_CXX_LANGUAGE_STANDARD = "gnu++17";
				CLANG_CXX_LIBRARY = "libc++";
				CLANG_ENABLE_MODULES = YES;
				CLANG_ENABLE_OBJC_ARC = YES;
				CLANG_ENABLE_OBJC_WEAK = YES;
				CLANG_WARN_BLOCK_CAPTURE_AUTORELEASING = YES;
				CLANG_WARN_BOOL_CONVERSION = YES;
				CLANG_WARN_COMMA = YES;
				CLANG_WARN_CONSTANT_CONVERSION = YES;
				CLANG_WARN_DEPRECATED_OBJC_IMPLEMENTATIONS = YES;
				CLANG_WARN_DIRECT_OBJC_ISA_USAGE = YES_ERROR;
				CLANG_WARN_DOCUMENTATION_COMMENTS = YES;
				CLANG_WARN_EMPTY_BODY = YES;
				CLANG_WARN_ENUM_CONVERSION = YES;
				CLANG_WARN_INFINITE_RECURSION = YES;
				CLANG_WARN_INT_CONVERSION = YES;
				CLANG_WARN_NON_LITERAL_NULL_CONVERSION = YES;
				CLANG_WARN_OBJC_IMPLICIT_RETAIN_SELF = YES;
				CLANG_WARN_OBJC_LITERAL_CONVERSION = YES;
				CLANG_WARN_OBJC_ROOT_CLASS = YES_ERROR;
				CLANG_WARN_QUOTED_INCLUDE_IN_FRAMEWORK_HEADER = YES;
				CLANG_WARN_RANGE_LOOP_ANALYSIS = YES;
				CLANG_WARN_STRICT_PROTOTYPES = YES;
				CLANG_WARN_SUSPICIOUS_MOVE = YES;
				CLANG_WARN_UNGUARDED_AVAILABILITY = YES_AGGRESSIVE;
				CLANG_WARN_UNREACHABLE_CODE = YES;
				CLANG_WARN__DUPLICATE_METHOD_MATCH = YES;
				COPY_PHASE_STRIP = NO;
				DEBUG_INFORMATION_FORMAT = "dwarf-with-dsym";
				ENABLE_NS_ASSERTIONS = NO;
				ENABLE_STRICT_OBJC_MSGSEND = YES;
				GCC_C_LANGUAGE_STANDARD = gnu11;
				GCC_NO_COMMON_BLOCKS = YES;
				GCC_WARN_64_TO_32_BIT_CONVERSION = YES;
				GCC_WARN_ABOUT_RETURN_TYPE = YES_ERROR;
				GCC_WARN_UNDECLARED_SELECTOR = YES;
				GCC_WARN_UNINITIALIZED_AUTOS = YES_AGGRESSIVE;
				GCC_WARN_UNUSED_FUNCTION = YES;
				GCC_WARN_UNUSED_VARIABLE = YES;
				IPHONEOS_DEPLOYMENT_TARGET = 15.0;
				MTL_ENABLE_DEBUG_INFO = NO;
				MTL_FAST_MATH = YES;
				SDKROOT = iphoneos;
				SWIFT_COMPILATION_MODE = wholemodule;
				SWIFT_OPTIMIZATION_LEVEL = "-O";
				VALIDATE_PRODUCT = YES;
			};
			name = Release;
		};
		72D75B8B2766466E00D68C2F /* Debug */ = {
			isa = XCBuildConfiguration;
			baseConfigurationReference = DD541A62315744AD6F82366B /* Pods-igg.debug.xcconfig */;
			buildSettings = {
				ASSETCATALOG_COMPILER_APPICON_NAME = AppIcon;
				ASSETCATALOG_COMPILER_GLOBAL_ACCENT_COLOR_NAME = AccentColor;
				CODE_SIGN_STYLE = Automatic;
				CURRENT_PROJECT_VERSION = 1;
				DEVELOPMENT_TEAM = QA36XKL5W8;
				GENERATE_INFOPLIST_FILE = YES;
				INFOPLIST_FILE = igg/Info.plist;
				INFOPLIST_KEY_UIApplicationSupportsIndirectInputEvents = YES;
				INFOPLIST_KEY_UILaunchStoryboardName = LaunchScreen;
				INFOPLIST_KEY_UISupportedInterfaceOrientations_iPad = "UIInterfaceOrientationPortrait UIInterfaceOrientationPortraitUpsideDown UIInterfaceOrientationLandscapeLeft UIInterfaceOrientationLandscapeRight";
				INFOPLIST_KEY_UISupportedInterfaceOrientations_iPhone = "UIInterfaceOrientationPortrait UIInterfaceOrientationLandscapeLeft UIInterfaceOrientationLandscapeRight";
				LD_RUNPATH_SEARCH_PATHS = (
					"$(inherited)",
					"@executable_path/Frameworks",
				);
				MARKETING_VERSION = 1.0;
				PRODUCT_BUNDLE_IDENTIFIER = JustDoIt.igg;
				PRODUCT_NAME = "$(TARGET_NAME)";
				SWIFT_EMIT_LOC_STRINGS = YES;
				SWIFT_VERSION = 5.0;
				TARGETED_DEVICE_FAMILY = "1,2";
			};
			name = Debug;
		};
		72D75B8C2766466E00D68C2F /* Release */ = {
			isa = XCBuildConfiguration;
			baseConfigurationReference = 897B526B3DA212FB922C540C /* Pods-igg.release.xcconfig */;
			buildSettings = {
				ASSETCATALOG_COMPILER_APPICON_NAME = AppIcon;
				ASSETCATALOG_COMPILER_GLOBAL_ACCENT_COLOR_NAME = AccentColor;
				CODE_SIGN_STYLE = Automatic;
				CURRENT_PROJECT_VERSION = 1;
				DEVELOPMENT_TEAM = QA36XKL5W8;
				GENERATE_INFOPLIST_FILE = YES;
				INFOPLIST_FILE = igg/Info.plist;
				INFOPLIST_KEY_UIApplicationSupportsIndirectInputEvents = YES;
				INFOPLIST_KEY_UILaunchStoryboardName = LaunchScreen;
				INFOPLIST_KEY_UISupportedInterfaceOrientations_iPad = "UIInterfaceOrientationPortrait UIInterfaceOrientationPortraitUpsideDown UIInterfaceOrientationLandscapeLeft UIInterfaceOrientationLandscapeRight";
				INFOPLIST_KEY_UISupportedInterfaceOrientations_iPhone = "UIInterfaceOrientationPortrait UIInterfaceOrientationLandscapeLeft UIInterfaceOrientationLandscapeRight";
				LD_RUNPATH_SEARCH_PATHS = (
					"$(inherited)",
					"@executable_path/Frameworks",
				);
				MARKETING_VERSION = 1.0;
				PRODUCT_BUNDLE_IDENTIFIER = JustDoIt.igg;
				PRODUCT_NAME = "$(TARGET_NAME)";
				SWIFT_EMIT_LOC_STRINGS = YES;
				SWIFT_VERSION = 5.0;
				TARGETED_DEVICE_FAMILY = "1,2";
			};
			name = Release;
		};
/* End XCBuildConfiguration section */

/* Begin XCConfigurationList section */
		72D75B712766466D00D68C2F /* Build configuration list for PBXProject "igg" */ = {
			isa = XCConfigurationList;
			buildConfigurations = (
				72D75B882766466E00D68C2F /* Debug */,
				72D75B892766466E00D68C2F /* Release */,
			);
			defaultConfigurationIsVisible = 0;
			defaultConfigurationName = Release;
		};
		72D75B8A2766466E00D68C2F /* Build configuration list for PBXNativeTarget "igg" */ = {
			isa = XCConfigurationList;
			buildConfigurations = (
				72D75B8B2766466E00D68C2F /* Debug */,
				72D75B8C2766466E00D68C2F /* Release */,
			);
			defaultConfigurationIsVisible = 0;
			defaultConfigurationName = Release;
		};
/* End XCConfigurationList section */
	};
	rootObject = 72D75B6E2766466D00D68C2F /* Project object */;
}
